
Microsoft Visual Studio Solution File, Format Version 12.00
# Visual Studio Version 16
VisualStudioVersion = 16.6.30114.105
MinimumVisualStudioVersion = 10.0.40219.1
Project("{FAE04EC0-301F-11D3-BF4B-00C04F79EFBC}") = "ByteBank", "ByteBank\ByteBank.csproj", "{C0132AF9-D9C1-457A-B426-3684ED9A6A54}"
EndProject
Global
	GlobalSection(SolutionConfigurationPlatforms) = preSolution
		Debug|Any CPU = Debug|Any CPU
		Debug|x64 = Debug|x64
		Debug|x86 = Debug|x86
		Release|Any CPU = Release|Any CPU
		Release|x64 = Release|x64
		Release|x86 = Release|x86
	EndGlobalSection
	GlobalSection(SolutionProperties) = preSolution
		HideSolutionNode = FALSE
	EndGlobalSection
	GlobalSection(ProjectConfigurationPlatforms) = postSolution
		{7B6077AA-81D3-4A1E-B18A-FCDE7318D599}.Debug|Any CPU.ActiveCfg = Debug|Any CPU
		{7B6077AA-81D3-4A1E-B18A-FCDE7318D599}.Debug|Any CPU.Build.0 = Debug|Any CPU
		{7B6077AA-81D3-4A1E-B18A-FCDE7318D599}.Debug|x64.ActiveCfg = Debug|Any CPU
		{7B6077AA-81D3-4A1E-B18A-FCDE7318D599}.Debug|x64.Build.0 = Debug|Any CPU
		{7B6077AA-81D3-4A1E-B18A-FCDE7318D599}.Debug|x86.ActiveCfg = Debug|Any CPU
		{7B6077AA-81D3-4A1E-B18A-FCDE7318D599}.Debug|x86.Build.0 = Debug|Any CPU
		{7B6077AA-81D3-4A1E-B18A-FCDE7318D599}.Release|Any CPU.ActiveCfg = Release|Any CPU
		{7B6077AA-81D3-4A1E-B18A-FCDE7318D599}.Release|Any CPU.Build.0 = Release|Any CPU
		{7B6077AA-81D3-4A1E-B18A-FCDE7318D599}.Release|x64.ActiveCfg = Release|Any CPU
		{7B6077AA-81D3-4A1E-B18A-FCDE7318D599}.Release|x64.Build.0 = Release|Any CPU
		{7B6077AA-81D3-4A1E-B18A-FCDE7318D599}.Release|x86.ActiveCfg = Release|Any CPU
		{7B6077AA-81D3-4A1E-B18A-FCDE7318D599}.Release|x86.Build.0 = Release|Any CPU
		{C0132AF9-D9C1-457A-B426-3684ED9A6A54}.Debug|Any CPU.ActiveCfg = Debug|Any CPU
		{C0132AF9-D9C1-457A-B426-3684ED9A6A54}.Debug|Any CPU.Build.0 = Debug|Any CPU
		{C0132AF9-D9C1-457A-B426-3684ED9A6A54}.Debug|x64.ActiveCfg = Debug|Any CPU
		{C0132AF9-D9C1-457A-B426-3684ED9A6A54}.Debug|x64.Build.0 = Debug|Any CPU
		{C0132AF9-D9C1-457A-B426-3684ED9A6A54}.Debug|x86.ActiveCfg = Debug|Any CPU
		{C0132AF9-D9C1-457A-B426-3684ED9A6A54}.Debug|x86.Build.0 = Debug|Any CPU
		{C0132AF9-D9C1-457A-B426-3684ED9A6A54}.Release|Any CPU.ActiveCfg = Release|Any CPU
		{C0132AF9-D9C1-457A-B426-3684ED9A6A54}.Release|Any CPU.Build.0 = Release|Any CPU
		{C0132AF9-D9C1-457A-B426-3684ED9A6A54}.Release|x64.ActiveCfg = Release|Any CPU
		{C0132AF9-D9C1-457A-B426-3684ED9A6A54}.Release|x64.Build.0 = Release|Any CPU
		{C0132AF9-D9C1-457A-B426-3684ED9A6A54}.Release|x86.ActiveCfg = Release|Any CPU
		{C0132AF9-D9C1-457A-B426-3684ED9A6A54}.Release|x86.Build.0 = Release|Any CPU
	EndGlobalSection
EndGlobal
